
Microsoft Visual Studio Solution File, Format Version 12.00
# Visual Studio 15
VisualStudioVersion = 15.0.27703.2047
MinimumVisualStudioVersion = 10.0.40219.1
Project("{FAE04EC0-301F-11D3-BF4B-00C04F79EFBC}") = "nam.ho.local", "nam.ho.local\nam.ho.local.csproj", "{C6EC32AC-DE28-4488-9F5F-788D66CFECEF}"
EndProject
Project("{FAE04EC0-301F-11D3-BF4B-00C04F79EFBC}") = "nam.ho.local.Tests", "nam.ho.local.Tests\nam.ho.local.Tests.csproj", "{A6BF68AC-CFF4-49E5-BA9D-04FF8E15047E}"
EndProject
Project("{FAE04EC0-301F-11D3-BF4B-00C04F79EFBC}") = "TAC.Sitecore.Abstractions", "TAC.Sitecore.Abstractions\TAC.Sitecore.Abstractions.csproj", "{71417F51-8B93-4F15-A2BB-BB12FE286B24}"
EndProject
Global
	GlobalSection(SolutionConfigurationPlatforms) = preSolution
		Debug|Any CPU = Debug|Any CPU
		Release|Any CPU = Release|Any CPU
	EndGlobalSection
	GlobalSection(ProjectConfigurationPlatforms) = postSolution
		{C6EC32AC-DE28-4488-9F5F-788D66CFECEF}.Debug|Any CPU.ActiveCfg = Debug|Any CPU
		{C6EC32AC-DE28-4488-9F5F-788D66CFECEF}.Debug|Any CPU.Build.0 = Debug|Any CPU
		{C6EC32AC-DE28-4488-9F5F-788D66CFECEF}.Release|Any CPU.ActiveCfg = Release|Any CPU
		{C6EC32AC-DE28-4488-9F5F-788D66CFECEF}.Release|Any CPU.Build.0 = Release|Any CPU
		{A6BF68AC-CFF4-49E5-BA9D-04FF8E15047E}.Debug|Any CPU.ActiveCfg = Debug|Any CPU
		{A6BF68AC-CFF4-49E5-BA9D-04FF8E15047E}.Debug|Any CPU.Build.0 = Debug|Any CPU
		{A6BF68AC-CFF4-49E5-BA9D-04FF8E15047E}.Release|Any CPU.ActiveCfg = Release|Any CPU
		{A6BF68AC-CFF4-49E5-BA9D-04FF8E15047E}.Release|Any CPU.Build.0 = Release|Any CPU
		{71417F51-8B93-4F15-A2BB-BB12FE286B24}.Debug|Any CPU.ActiveCfg = Debug|Any CPU
		{71417F51-8B93-4F15-A2BB-BB12FE286B24}.Debug|Any CPU.Build.0 = Debug|Any CPU
		{71417F51-8B93-4F15-A2BB-BB12FE286B24}.Release|Any CPU.ActiveCfg = Release|Any CPU
		{71417F51-8B93-4F15-A2BB-BB12FE286B24}.Release|Any CPU.Build.0 = Release|Any CPU
	EndGlobalSection
	GlobalSection(SolutionProperties) = preSolution
		HideSolutionNode = FALSE
	EndGlobalSection
	GlobalSection(ExtensibilityGlobals) = postSolution
		SolutionGuid = {4466D73A-39DC-4C36-BEAC-3EF9CBA0B04E}
	EndGlobalSection
EndGlobal
